
Microsoft Visual Studio Solution File, Format Version 12.00
# Visual Studio Version 17
VisualStudioVersion = 17.8.34330.188
MinimumVisualStudioVersion = 10.0.40219.1
Project("{FAE04EC0-301F-11D3-BF4B-00C04F79EFBC}") = "JobApplicationLibrary", "JobApplicationLibrary.csproj", "{B2681418-09D0-445B-805C-71BD4B975832}"
EndProject
Project("{FAE04EC0-301F-11D3-BF4B-00C04F79EFBC}") = "JobApplicationLibrary.UnitTest", "..\JobApplicationLibrary.UnitTest\JobApplicationLibrary.UnitTest.csproj", "{217D0882-3E57-4B01-9D70-88FEF0CD0A1C}"
EndProject
Global
	GlobalSection(SolutionConfigurationPlatforms) = preSolution
		Debug|Any CPU = Debug|Any CPU
		Release|Any CPU = Release|Any CPU
	EndGlobalSection
	GlobalSection(ProjectConfigurationPlatforms) = postSolution
		{B2681418-09D0-445B-805C-71BD4B975832}.Debug|Any CPU.ActiveCfg = Debug|Any CPU
		{B2681418-09D0-445B-805C-71BD4B975832}.Debug|Any CPU.Build.0 = Debug|Any CPU
		{B2681418-09D0-445B-805C-71BD4B975832}.Release|Any CPU.ActiveCfg = Release|Any CPU
		{B2681418-09D0-445B-805C-71BD4B975832}.Release|Any CPU.Build.0 = Release|Any CPU
		{217D0882-3E57-4B01-9D70-88FEF0CD0A1C}.Debug|Any CPU.ActiveCfg = Debug|Any CPU
		{217D0882-3E57-4B01-9D70-88FEF0CD0A1C}.Debug|Any CPU.Build.0 = Debug|Any CPU
		{217D0882-3E57-4B01-9D70-88FEF0CD0A1C}.Release|Any CPU.ActiveCfg = Release|Any CPU
		{217D0882-3E57-4B01-9D70-88FEF0CD0A1C}.Release|Any CPU.Build.0 = Release|Any CPU
	EndGlobalSection
	GlobalSection(SolutionProperties) = preSolution
		HideSolutionNode = FALSE
	EndGlobalSection
	GlobalSection(ExtensibilityGlobals) = postSolution
		SolutionGuid = {8F6BB5EE-1440-4C28-A038-2C54F92F5021}
	EndGlobalSection
EndGlobal
