
Microsoft Visual Studio Solution File, Format Version 12.00
# Visual Studio Version 17
VisualStudioVersion = 17.8.34330.188
MinimumVisualStudioVersion = 10.0.40219.1
Project("{FAE04EC0-301F-11D3-BF4B-00C04F79EFBC}") = "JobApplicationLibrary", "JobApplicationLibrary\JobApplicationLibrary.csproj", "{1DA27FB9-EEB0-4636-8112-35B308BBC5A6}"
EndProject
Project("{FAE04EC0-301F-11D3-BF4B-00C04F79EFBC}") = "JobApplicationLibrary.UnitTest", "JobApplicationLibrary.UnitTest\JobApplicationLibrary.UnitTest.csproj", "{148BC05B-32BF-4A69-B2E4-0B1DC7464814}"
EndProject
Global
	GlobalSection(SolutionConfigurationPlatforms) = preSolution
		Debug|Any CPU = Debug|Any CPU
		Release|Any CPU = Release|Any CPU
	EndGlobalSection
	GlobalSection(ProjectConfigurationPlatforms) = postSolution
		{1DA27FB9-EEB0-4636-8112-35B308BBC5A6}.Debug|Any CPU.ActiveCfg = Debug|Any CPU
		{1DA27FB9-EEB0-4636-8112-35B308BBC5A6}.Debug|Any CPU.Build.0 = Debug|Any CPU
		{1DA27FB9-EEB0-4636-8112-35B308BBC5A6}.Release|Any CPU.ActiveCfg = Release|Any CPU
		{1DA27FB9-EEB0-4636-8112-35B308BBC5A6}.Release|Any CPU.Build.0 = Release|Any CPU
		{148BC05B-32BF-4A69-B2E4-0B1DC7464814}.Debug|Any CPU.ActiveCfg = Debug|Any CPU
		{148BC05B-32BF-4A69-B2E4-0B1DC7464814}.Debug|Any CPU.Build.0 = Debug|Any CPU
		{148BC05B-32BF-4A69-B2E4-0B1DC7464814}.Release|Any CPU.ActiveCfg = Release|Any CPU
		{148BC05B-32BF-4A69-B2E4-0B1DC7464814}.Release|Any CPU.Build.0 = Release|Any CPU
	EndGlobalSection
	GlobalSection(SolutionProperties) = preSolution
		HideSolutionNode = FALSE
	EndGlobalSection
	GlobalSection(ExtensibilityGlobals) = postSolution
		SolutionGuid = {F7F0CE9C-62CF-4C33-8519-6772ECC46C23}
	EndGlobalSection
EndGlobal
